// !$*UTF8*$!
{
	archiveVersion = 1;
	classes = {
	};
	objectVersion = 46;
	objects = {

/* Begin PBXBuildFile section */
		59C9F5271BF1A27D007A1FD7 /* main.m in Sources */ = {isa = PBXBuildFile; fileRef = 59C9F5261BF1A27D007A1FD7 /* main.m */; };
		59C9F52A1BF1A27D007A1FD7 /* AppDelegate.m in Sources */ = {isa = PBXBuildFile; fileRef = 59C9F5291BF1A27D007A1FD7 /* AppDelegate.m */; };
		59C9F5301BF1A27D007A1FD7 /* Main.storyboard in Resources */ = {isa = PBXBuildFile; fileRef = 59C9F52E1BF1A27D007A1FD7 /* Main.storyboard */; };
		59C9F5321BF1A27D007A1FD7 /* Assets.xcassets in Resources */ = {isa = PBXBuildFile; fileRef = 59C9F5311BF1A27D007A1FD7 /* Assets.xcassets */; };
		59C9F5351BF1A27E007A1FD7 /* LaunchScreen.storyboard in Resources */ = {isa = PBXBuildFile; fileRef = 59C9F5331BF1A27E007A1FD7 /* LaunchScreen.storyboard */; };
		59C9F5401BF1A27E007A1FD7 /* TestUITableViewTests.m in Sources */ = {isa = PBXBuildFile; fileRef = 59C9F53F1BF1A27E007A1FD7 /* TestUITableViewTests.m */; };
		59C9F54C1BF1A305007A1FD7 /* TableViewController.m in Sources */ = {isa = PBXBuildFile; fileRef = 59C9F54B1BF1A305007A1FD7 /* TableViewController.m */; };
/* End PBXBuildFile section */

/* Begin PBXContainerItemProxy section */
		59C9F53C1BF1A27E007A1FD7 /* PBXContainerItemProxy */ = {
			isa = PBXContainerItemProxy;
			containerPortal = 59C9F51A1BF1A27D007A1FD7 /* Project object */;
			proxyType = 1;
			remoteGlobalIDString = 59C9F5211BF1A27D007A1FD7;
			remoteInfo = TestUITableView;
		};
/* End PBXContainerItemProxy section */

/* Begin PBXFileReference section */
		59C9F5221BF1A27D007A1FD7 /* TestUITableView.app */ = {isa = PBXFileReference; explicitFileType = wrapper.application; includeInIndex = 0; path = TestUITableView.app; sourceTree = BUILT_PRODUCTS_DIR; };
		59C9F5261BF1A27D007A1FD7 /* main.m */ = {isa = PBXFileReference; lastKnownFileType = sourcecode.c.objc; path = main.m; sourceTree = "<group>"; };
		59C9F5281BF1A27D007A1FD7 /* AppDelegate.h */ = {isa = PBXFileReference; lastKnownFileType = sourcecode.c.h; path = AppDelegate.h; sourceTree = "<group>"; };
		59C9F5291BF1A27D007A1FD7 /* AppDelegate.m */ = {isa = PBXFileReference; lastKnownFileType = sourcecode.c.objc; path = AppDelegate.m; sourceTree = "<group>"; };
		59C9F52F1BF1A27D007A1FD7 /* Base */ = {isa = PBXFileReference; lastKnownFileType = file.storyboard; name = Base; path = Base.lproj/Main.storyboard; sourceTree = "<group>"; };
		59C9F5311BF1A27D007A1FD7 /* Assets.xcassets */ = {isa = PBXFileReference; lastKnownFileType = folder.assetcatalog; path = Assets.xcassets; sourceTree = "<group>"; };
		59C9F5341BF1A27E007A1FD7 /* Base */ = {isa = PBXFileReference; lastKnownFileType = file.storyboard; name = Base; path = Base.lproj/LaunchScreen.storyboard; sourceTree = "<group>"; };
		59C9F5361BF1A27E007A1FD7 /* Info.plist */ = {isa = PBXFileReference; lastKnownFileType = text.plist.xml; path = Info.plist; sourceTree = "<group>"; };
		59C9F53B1BF1A27E007A1FD7 /* TestUITableViewTests.xctest */ = {isa = PBXFileReference; explicitFileType = wrapper.cfbundle; includeInIndex = 0; path = TestUITableViewTests.xctest; sourceTree = BUILT_PRODUCTS_DIR; };
		59C9F53F1BF1A27E007A1FD7 /* TestUITableViewTests.m */ = {isa = PBXFileReference; lastKnownFileType = sourcecode.c.objc; path = TestUITableViewTests.m; sourceTree = "<group>"; };
		59C9F5411BF1A27E007A1FD7 /* Info.plist */ = {isa = PBXFileReference; lastKnownFileType = text.plist.xml; path = Info.plist; sourceTree = "<group>"; };
		59C9F54A1BF1A305007A1FD7 /* TableViewController.h */ = {isa = PBXFileReference; fileEncoding = 4; lastKnownFileType = sourcecode.c.h; path = TableViewController.h; sourceTree = "<group>"; };
		59C9F54B1BF1A305007A1FD7 /* TableViewController.m */ = {isa = PBXFileReference; fileEncoding = 4; lastKnownFileType = sourcecode.c.objc; path = TableViewController.m; sourceTree = "<group>"; };
/* End PBXFileReference section */

/* Begin PBXFrameworksBuildPhase section */
		59C9F51F1BF1A27D007A1FD7 /* Frameworks */ = {
			isa = PBXFrameworksBuildPhase;
			buildActionMask = 2147483647;
			files = (
			);
			runOnlyForDeploymentPostprocessing = 0;
		};
		59C9F5381BF1A27E007A1FD7 /* Frameworks */ = {
			isa = PBXFrameworksBuildPhase;
			buildActionMask = 2147483647;
			files = (
			);
			runOnlyForDeploymentPostprocessing = 0;
		};
/* End PBXFrameworksBuildPhase section */

/* Begin PBXGroup section */
		59C9F5191BF1A27D007A1FD7 = {
			isa = PBXGroup;
			children = (
				59C9F5241BF1A27D007A1FD7 /* TestUITableView */,
				59C9F53E1BF1A27E007A1FD7 /* TestUITableViewTests */,
				59C9F5231BF1A27D007A1FD7 /* Products */,
			);
			sourceTree = "<group>";
		};
		59C9F5231BF1A27D007A1FD7 /* Products */ = {
			isa = PBXGroup;
			children = (
				59C9F5221BF1A27D007A1FD7 /* TestUITableView.app */,
				59C9F53B1BF1A27E007A1FD7 /* TestUITableViewTests.xctest */,
			);
			name = Products;
			sourceTree = "<group>";
		};
		59C9F5241BF1A27D007A1FD7 /* TestUITableView */ = {
			isa = PBXGroup;
			children = (
				59C9F5281BF1A27D007A1FD7 /* AppDelegate.h */,
				59C9F5291BF1A27D007A1FD7 /* AppDelegate.m */,
				59C9F54A1BF1A305007A1FD7 /* TableViewController.h */,
				59C9F54B1BF1A305007A1FD7 /* TableViewController.m */,
				59C9F52E1BF1A27D007A1FD7 /* Main.storyboard */,
				59C9F5311BF1A27D007A1FD7 /* Assets.xcassets */,
				59C9F5331BF1A27E007A1FD7 /* LaunchScreen.storyboard */,
				59C9F5361BF1A27E007A1FD7 /* Info.plist */,
				59C9F5251BF1A27D007A1FD7 /* Supporting Files */,
			);
			path = TestUITableView;
			sourceTree = "<group>";
		};
		59C9F5251BF1A27D007A1FD7 /* Supporting Files */ = {
			isa = PBXGroup;
			children = (
				59C9F5261BF1A27D007A1FD7 /* main.m */,
			);
			name = "Supporting Files";
			sourceTree = "<group>";
		};
		59C9F53E1BF1A27E007A1FD7 /* TestUITableViewTests */ = {
			isa = PBXGroup;
			children = (
				59C9F53F1BF1A27E007A1FD7 /* TestUITableViewTests.m */,
				59C9F5411BF1A27E007A1FD7 /* Info.plist */,
			);
			path = TestUITableViewTests;
			sourceTree = "<group>";
		};
/* End PBXGroup section */

/* Begin PBXNativeTarget section */
		59C9F5211BF1A27D007A1FD7 /* TestUITableView */ = {
			isa = PBXNativeTarget;
			buildConfigurationList = 59C9F5441BF1A27E007A1FD7 /* Build configuration list for PBXNativeTarget "TestUITableView" */;
			buildPhases = (
				59C9F51E1BF1A27D007A1FD7 /* Sources */,
				59C9F51F1BF1A27D007A1FD7 /* Frameworks */,
				59C9F5201BF1A27D007A1FD7 /* Resources */,
			);
			buildRules = (
			);
			dependencies = (
			);
			name = TestUITableView;
			productName = TestUITableView;
			productReference = 59C9F5221BF1A27D007A1FD7 /* TestUITableView.app */;
			productType = "com.apple.product-type.application";
		};
		59C9F53A1BF1A27E007A1FD7 /* TestUITableViewTests */ = {
			isa = PBXNativeTarget;
			buildConfigurationList = 59C9F5471BF1A27E007A1FD7 /* Build configuration list for PBXNativeTarget "TestUITableViewTests" */;
			buildPhases = (
				59C9F5371BF1A27E007A1FD7 /* Sources */,
				59C9F5381BF1A27E007A1FD7 /* Frameworks */,
				59C9F5391BF1A27E007A1FD7 /* Resources */,
			);
			buildRules = (
			);
			dependencies = (
				59C9F53D1BF1A27E007A1FD7 /* PBXTargetDependency */,
			);
			name = TestUITableViewTests;
			productName = TestUITableViewTests;
			productReference = 59C9F53B1BF1A27E007A1FD7 /* TestUITableViewTests.xctest */;
			productType = "com.apple.product-type.bundle.unit-test";
		};
/* End PBXNativeTarget section */

/* Begin PBXProject section */
		59C9F51A1BF1A27D007A1FD7 /* Project object */ = {
			isa = PBXProject;
			attributes = {
				LastUpgradeCheck = 0710;
				ORGANIZATIONNAME = "Surapong Suwanlee";
				TargetAttributes = {
					59C9F5211BF1A27D007A1FD7 = {
						CreatedOnToolsVersion = 7.1;
					};
					59C9F53A1BF1A27E007A1FD7 = {
						CreatedOnToolsVersion = 7.1;
						TestTargetID = 59C9F5211BF1A27D007A1FD7;
					};
				};
			};
			buildConfigurationList = 59C9F51D1BF1A27D007A1FD7 /* Build configuration list for PBXProject "TestUITableView" */;
			compatibilityVersion = "Xcode 3.2";
			developmentRegion = English;
			hasScannedForEncodings = 0;
			knownRegions = (
				en,
				Base,
			);
			mainGroup = 59C9F5191BF1A27D007A1FD7;
			productRefGroup = 59C9F5231BF1A27D007A1FD7 /* Products */;
			projectDirPath = "";
			projectRoot = "";
			targets = (
				59C9F5211BF1A27D007A1FD7 /* TestUITableView */,
				59C9F53A1BF1A27E007A1FD7 /* TestUITableViewTests */,
			);
		};
/* End PBXProject section */

/* Begin PBXResourcesBuildPhase section */
		59C9F5201BF1A27D007A1FD7 /* Resources */ = {
			isa = PBXResourcesBuildPhase;
			buildActionMask = 2147483647;
			files = (
				59C9F5351BF1A27E007A1FD7 /* LaunchScreen.storyboard in Resources */,
				59C9F5321BF1A27D007A1FD7 /* Assets.xcassets in Resources */,
				59C9F5301BF1A27D007A1FD7 /* Main.storyboard in Resources */,
			);
			runOnlyForDeploymentPostprocessing = 0;
		};
		59C9F5391BF1A27E007A1FD7 /* Resources */ = {
			isa = PBXResourcesBuildPhase;
			buildActionMask = 2147483647;
			files = (
			);
			runOnlyForDeploymentPostprocessing = 0;
		};
/* End PBXResourcesBuildPhase section */

/* Begin PBXSourcesBuildPhase section */
		59C9F51E1BF1A27D007A1FD7 /* Sources */ = {
			isa = PBXSourcesBuildPhase;
			buildActionMask = 2147483647;
			files = (
				59C9F52A1BF1A27D007A1FD7 /* AppDelegate.m in Sources */,
				59C9F54C1BF1A305007A1FD7 /* TableViewController.m in Sources */,
				59C9F5271BF1A27D007A1FD7 /* main.m in Sources */,
			);
			runOnlyForDeploymentPostprocessing = 0;
		};
		59C9F5371BF1A27E007A1FD7 /* Sources */ = {
			isa = PBXSourcesBuildPhase;
			buildActionMask = 2147483647;
			files = (
				59C9F5401BF1A27E007A1FD7 /* TestUITableViewTests.m in Sources */,
			);
			runOnlyForDeploymentPostprocessing = 0;
		};
/* End PBXSourcesBuildPhase section */

/* Begin PBXTargetDependency section */
		59C9F53D1BF1A27E007A1FD7 /* PBXTargetDependency */ = {
			isa = PBXTargetDependency;
			target = 59C9F5211BF1A27D007A1FD7 /* TestUITableView */;
			targetProxy = 59C9F53C1BF1A27E007A1FD7 /* PBXContainerItemProxy */;
		};
/* End PBXTargetDependency section */

/* Begin PBXVariantGroup section */
		59C9F52E1BF1A27D007A1FD7 /* Main.storyboard */ = {
			isa = PBXVariantGroup;
			children = (
				59C9F52F1BF1A27D007A1FD7 /* Base */,
			);
			name = Main.storyboard;
			sourceTree = "<group>";
		};
		59C9F5331BF1A27E007A1FD7 /* LaunchScreen.storyboard */ = {
			isa = PBXVariantGroup;
			children = (
				59C9F5341BF1A27E007A1FD7 /* Base */,
			);
			name = LaunchScreen.storyboard;
			sourceTree = "<group>";
		};
/* End PBXVariantGroup section */

/* Begin XCBuildConfiguration section */
		59C9F5421BF1A27E007A1FD7 /* Debug */ = {
			isa = XCBuildConfiguration;
			buildSettings = {
				ALWAYS_SEARCH_USER_PATHS = NO;
				CLANG_CXX_LANGUAGE_STANDARD = "gnu++0x";
				CLANG_CXX_LIBRARY = "libc++";
				CLANG_ENABLE_MODULES = YES;
				CLANG_ENABLE_OBJC_ARC = YES;
				CLANG_WARN_BOOL_CONVERSION = YES;
				CLANG_WARN_CONSTANT_CONVERSION = YES;
				CLANG_WARN_DIRECT_OBJC_ISA_USAGE = YES_ERROR;
				CLANG_WARN_EMPTY_BODY = YES;
				CLANG_WARN_ENUM_CONVERSION = YES;
				CLANG_WARN_INT_CONVERSION = YES;
				CLANG_WARN_OBJC_ROOT_CLASS = YES_ERROR;
				CLANG_WARN_UNREACHABLE_CODE = YES;
				CLANG_WARN__DUPLICATE_METHOD_MATCH = YES;
				"CODE_SIGN_IDENTITY[sdk=iphoneos*]" = "iPhone Developer";
				COPY_PHASE_STRIP = NO;
				DEBUG_INFORMATION_FORMAT = dwarf;
				ENABLE_STRICT_OBJC_MSGSEND = YES;
				ENABLE_TESTABILITY = YES;
				GCC_C_LANGUAGE_STANDARD = gnu99;
				GCC_DYNAMIC_NO_PIC = NO;
				GCC_NO_COMMON_BLOCKS = YES;
				GCC_OPTIMIZATION_LEVEL = 0;
				GCC_PREPROCESSOR_DEFINITIONS = (
					"DEBUG=1",
					"$(inherited)",
				);
				GCC_WARN_64_TO_32_BIT_CONVERSION = YES;
				GCC_WARN_ABOUT_RETURN_TYPE = YES_ERROR;
				GCC_WARN_UNDECLARED_SELECTOR = YES;
				GCC_WARN_UNINITIALIZED_AUTOS = YES_AGGRESSIVE;
				GCC_WARN_UNUSED_FUNCTION = YES;
				GCC_WARN_UNUSED_VARIABLE = YES;
				IPHONEOS_DEPLOYMENT_TARGET = 9.1;
				MTL_ENABLE_DEBUG_INFO = YES;
				ONLY_ACTIVE_ARCH = YES;
				SDKROOT = iphoneos;
			};
			name = Debug;
		};
		59C9F5431BF1A27E007A1FD7 /* Release */ = {
			isa = XCBuildConfiguration;
			buildSettings = {
				ALWAYS_SEARCH_USER_PATHS = NO;
				CLANG_CXX_LANGUAGE_STANDARD = "gnu++0x";
				CLANG_CXX_LIBRARY = "libc++";
				CLANG_ENABLE_MODULES = YES;
				CLANG_ENABLE_OBJC_ARC = YES;
				CLANG_WARN_BOOL_CONVERSION = YES;
				CLANG_WARN_CONSTANT_CONVERSION = YES;
				CLANG_WARN_DIRECT_OBJC_ISA_USAGE = YES_ERROR;
				CLANG_WARN_EMPTY_BODY = YES;
				CLANG_WARN_ENUM_CONVERSION = YES;
				CLANG_WARN_INT_CONVERSION = YES;
				CLANG_WARN_OBJC_ROOT_CLASS = YES_ERROR;
				CLANG_WARN_UNREACHABLE_CODE = YES;
				CLANG_WARN__DUPLICATE_METHOD_MATCH = YES;
				"CODE_SIGN_IDENTITY[sdk=iphoneos*]" = "iPhone Developer";
				COPY_PHASE_STRIP = NO;
				DEBUG_INFORMATION_FORMAT = "dwarf-with-dsym";
				ENABLE_NS_ASSERTIONS = NO;
				ENABLE_STRICT_OBJC_MSGSEND = YES;
				GCC_C_LANGUAGE_STANDARD = gnu99;
				GCC_NO_COMMON_BLOCKS = YES;
				GCC_WARN_64_TO_32_BIT_CONVERSION = YES;
				GCC_WARN_ABOUT_RETURN_TYPE = YES_ERROR;
				GCC_WARN_UNDECLARED_SELECTOR = YES;
				GCC_WARN_UNINITIALIZED_AUTOS = YES_AGGRESSIVE;
				GCC_WARN_UNUSED_FUNCTION = YES;
				GCC_WARN_UNUSED_VARIABLE = YES;
				IPHONEOS_DEPLOYMENT_TARGET = 9.1;
				MTL_ENABLE_DEBUG_INFO = NO;
				SDKROOT = iphoneos;
				VALIDATE_PRODUCT = YES;
			};
			name = Release;
		};
		59C9F5451BF1A27E007A1FD7 /* Debug */ = {
			isa = XCBuildConfiguration;
			buildSettings = {
				ASSETCATALOG_COMPILER_APPICON_NAME = AppIcon;
				INFOPLIST_FILE = TestUITableView/Info.plist;
				LD_RUNPATH_SEARCH_PATHS = "$(inherited) @executable_path/Frameworks";
				PRODUCT_BUNDLE_IDENTIFIER = igetweb.TestUITableView;
				PRODUCT_NAME = "$(TARGET_NAME)";
			};
			name = Debug;
		};
		59C9F5461BF1A27E007A1FD7 /* Release */ = {
			isa = XCBuildConfiguration;
			buildSettings = {
				ASSETCATALOG_COMPILER_APPICON_NAME = AppIcon;
				INFOPLIST_FILE = TestUITableView/Info.plist;
				LD_RUNPATH_SEARCH_PATHS = "$(inherited) @executable_path/Frameworks";
				PRODUCT_BUNDLE_IDENTIFIER = igetweb.TestUITableView;
				PRODUCT_NAME = "$(TARGET_NAME)";
			};
			name = Release;
		};
		59C9F5481BF1A27E007A1FD7 /* Debug */ = {
			isa = XCBuildConfiguration;
			buildSettings = {
				BUNDLE_LOADER = "$(TEST_HOST)";
				INFOPLIST_FILE = TestUITableViewTests/Info.plist;
				LD_RUNPATH_SEARCH_PATHS = "$(inherited) @executable_path/Frameworks @loader_path/Frameworks";
				PRODUCT_BUNDLE_IDENTIFIER = igetweb.TestUITableViewTests;
				PRODUCT_NAME = "$(TARGET_NAME)";
				TEST_HOST = "$(BUILT_PRODUCTS_DIR)/TestUITableView.app/TestUITableView";
			};
			name = Debug;
		};
		59C9F5491BF1A27E007A1FD7 /* Release */ = {
			isa = XCBuildConfiguration;
			buildSettings = {
				BUNDLE_LOADER = "$(TEST_HOST)";
				INFOPLIST_FILE = TestUITableViewTests/Info.plist;
				LD_RUNPATH_SEARCH_PATHS = "$(inherited) @executable_path/Frameworks @loader_path/Frameworks";
				PRODUCT_BUNDLE_IDENTIFIER = igetweb.TestUITableViewTests;
				PRODUCT_NAME = "$(TARGET_NAME)";
				TEST_HOST = "$(BUILT_PRODUCTS_DIR)/TestUITableView.app/TestUITableView";
			};
			name = Release;
		};
/* End XCBuildConfiguration section */

/* Begin XCConfigurationList section */
		59C9F51D1BF1A27D007A1FD7 /* Build configuration list for PBXProject "TestUITableView" */ = {
			isa = XCConfigurationList;
			buildConfigurations = (
				59C9F5421BF1A27E007A1FD7 /* Debug */,
				59C9F5431BF1A27E007A1FD7 /* Release */,
			);
			defaultConfigurationIsVisible = 0;
			defaultConfigurationName = Release;
		};
		59C9F5441BF1A27E007A1FD7 /* Build configuration list for PBXNativeTarget "TestUITableView" */ = {
			isa = XCConfigurationList;
			buildConfigurations = (
				59C9F5451BF1A27E007A1FD7 /* Debug */,
				59C9F5461BF1A27E007A1FD7 /* Release */,
			);
			defaultConfigurationIsVisible = 0;
		};
		59C9F5471BF1A27E007A1FD7 /* Build configuration list for PBXNativeTarget "TestUITableViewTests" */ = {
			isa = XCConfigurationList;
			buildConfigurations = (
				59C9F5481BF1A27E007A1FD7 /* Debug */,
				59C9F5491BF1A27E007A1FD7 /* Release */,
			);
			defaultConfigurationIsVisible = 0;
		};
/* End XCConfigurationList section */
	};
	rootObject = 59C9F51A1BF1A27D007A1FD7 /* Project object */;
}
